// !$*UTF8*$!
{
	archiveVersion = 1;
	classes = {
	};
	objectVersion = 77;
	objects = {

/* Begin PBXBuildFile section */
		069B71E42CC94455008282B8 /* Kingfisher in Frameworks */ = {isa = PBXBuildFile; productRef = 069B71E32CC94455008282B8 /* Kingfisher */; };
/* End PBXBuildFile section */

/* Begin PBXContainerItemProxy section */
		0630199F2CC78572004A5CF6 /* PBXContainerItemProxy */ = {
			isa = PBXContainerItemProxy;
			containerPortal = 063019812CC78570004A5CF6 /* Project object */;
			proxyType = 1;
			remoteGlobalIDString = 063019882CC78570004A5CF6;
			remoteInfo = Books_SwiftUI;
		};
		063019A92CC78572004A5CF6 /* PBXContainerItemProxy */ = {
			isa = PBXContainerItemProxy;
			containerPortal = 063019812CC78570004A5CF6 /* Project object */;
			proxyType = 1;
			remoteGlobalIDString = 063019882CC78570004A5CF6;
			remoteInfo = Books_SwiftUI;
		};
/* End PBXContainerItemProxy section */

/* Begin PBXFileReference section */
		063019892CC78570004A5CF6 /* Books_SwiftUI.app */ = {isa = PBXFileReference; explicitFileType = wrapper.application; includeInIndex = 0; path = Books_SwiftUI.app; sourceTree = BUILT_PRODUCTS_DIR; };
		0630199E2CC78572004A5CF6 /* Books_SwiftUITests.xctest */ = {isa = PBXFileReference; explicitFileType = wrapper.cfbundle; includeInIndex = 0; path = Books_SwiftUITests.xctest; sourceTree = BUILT_PRODUCTS_DIR; };
		063019A82CC78572004A5CF6 /* Books_SwiftUIUITests.xctest */ = {isa = PBXFileReference; explicitFileType = wrapper.cfbundle; includeInIndex = 0; path = Books_SwiftUIUITests.xctest; sourceTree = BUILT_PRODUCTS_DIR; };
/* End PBXFileReference section */

/* Begin PBXFileSystemSynchronizedRootGroup section */
		0630198B2CC78570004A5CF6 /* Books_SwiftUI */ = {
			isa = PBXFileSystemSynchronizedRootGroup;
			path = Books_SwiftUI;
			sourceTree = "<group>";
		};
		063019A12CC78572004A5CF6 /* Books_SwiftUITests */ = {
			isa = PBXFileSystemSynchronizedRootGroup;
			path = Books_SwiftUITests;
			sourceTree = "<group>";
		};
		063019AB2CC78572004A5CF6 /* Books_SwiftUIUITests */ = {
			isa = PBXFileSystemSynchronizedRootGroup;
			path = Books_SwiftUIUITests;
			sourceTree = "<group>";
		};
/* End PBXFileSystemSynchronizedRootGroup section */

/* Begin PBXFrameworksBuildPhase section */
		063019862CC78570004A5CF6 /* Frameworks */ = {
			isa = PBXFrameworksBuildPhase;
			buildActionMask = 2147483647;
			files = (
				069B71E42CC94455008282B8 /* Kingfisher in Frameworks */,
			);
			runOnlyForDeploymentPostprocessing = 0;
		};
		0630199B2CC78572004A5CF6 /* Frameworks */ = {
			isa = PBXFrameworksBuildPhase;
			buildActionMask = 2147483647;
			files = (
			);
			runOnlyForDeploymentPostprocessing = 0;
		};
		063019A52CC78572004A5CF6 /* Frameworks */ = {
			isa = PBXFrameworksBuildPhase;
			buildActionMask = 2147483647;
			files = (
			);
			runOnlyForDeploymentPostprocessing = 0;
		};
/* End PBXFrameworksBuildPhase section */

/* Begin PBXGroup section */
		063019802CC78570004A5CF6 = {
			isa = PBXGroup;
			children = (
				0630198B2CC78570004A5CF6 /* Books_SwiftUI */,
				063019A12CC78572004A5CF6 /* Books_SwiftUITests */,
				063019AB2CC78572004A5CF6 /* Books_SwiftUIUITests */,
				069B71DF2CC943E0008282B8 /* Frameworks */,
				0630198A2CC78570004A5CF6 /* Products */,
			);
			sourceTree = "<group>";
		};
		0630198A2CC78570004A5CF6 /* Products */ = {
			isa = PBXGroup;
			children = (
				063019892CC78570004A5CF6 /* Books_SwiftUI.app */,
				0630199E2CC78572004A5CF6 /* Books_SwiftUITests.xctest */,
				063019A82CC78572004A5CF6 /* Books_SwiftUIUITests.xctest */,
			);
			name = Products;
			sourceTree = "<group>";
		};
		069B71DF2CC943E0008282B8 /* Frameworks */ = {
			isa = PBXGroup;
			children = (
			);
			name = Frameworks;
			sourceTree = "<group>";
		};
/* End PBXGroup section */

/* Begin PBXNativeTarget section */
		063019882CC78570004A5CF6 /* Books_SwiftUI */ = {
			isa = PBXNativeTarget;
			buildConfigurationList = 063019B22CC78572004A5CF6 /* Build configuration list for PBXNativeTarget "Books_SwiftUI" */;
			buildPhases = (
				063019852CC78570004A5CF6 /* Sources */,
				063019862CC78570004A5CF6 /* Frameworks */,
				063019872CC78570004A5CF6 /* Resources */,
			);
			buildRules = (
			);
			dependencies = (
			);
			fileSystemSynchronizedGroups = (
				0630198B2CC78570004A5CF6 /* Books_SwiftUI */,
			);
			name = Books_SwiftUI;
			packageProductDependencies = (
				069B71E32CC94455008282B8 /* Kingfisher */,
			);
			productName = Books_SwiftUI;
			productReference = 063019892CC78570004A5CF6 /* Books_SwiftUI.app */;
			productType = "com.apple.product-type.application";
		};
		0630199D2CC78572004A5CF6 /* Books_SwiftUITests */ = {
			isa = PBXNativeTarget;
			buildConfigurationList = 063019B52CC78572004A5CF6 /* Build configuration list for PBXNativeTarget "Books_SwiftUITests" */;
			buildPhases = (
				0630199A2CC78572004A5CF6 /* Sources */,
				0630199B2CC78572004A5CF6 /* Frameworks */,
				0630199C2CC78572004A5CF6 /* Resources */,
			);
			buildRules = (
			);
			dependencies = (
				063019A02CC78572004A5CF6 /* PBXTargetDependency */,
			);
			fileSystemSynchronizedGroups = (
				063019A12CC78572004A5CF6 /* Books_SwiftUITests */,
			);
			name = Books_SwiftUITests;
			packageProductDependencies = (
			);
			productName = Books_SwiftUITests;
			productReference = 0630199E2CC78572004A5CF6 /* Books_SwiftUITests.xctest */;
			productType = "com.apple.product-type.bundle.unit-test";
		};
		063019A72CC78572004A5CF6 /* Books_SwiftUIUITests */ = {
			isa = PBXNativeTarget;
			buildConfigurationList = 063019B82CC78572004A5CF6 /* Build configuration list for PBXNativeTarget "Books_SwiftUIUITests" */;
			buildPhases = (
				063019A42CC78572004A5CF6 /* Sources */,
				063019A52CC78572004A5CF6 /* Frameworks */,
				063019A62CC78572004A5CF6 /* Resources */,
			);
			buildRules = (
			);
			dependencies = (
				063019AA2CC78572004A5CF6 /* PBXTargetDependency */,
			);
			fileSystemSynchronizedGroups = (
				063019AB2CC78572004A5CF6 /* Books_SwiftUIUITests */,
			);
			name = Books_SwiftUIUITests;
			packageProductDependencies = (
			);
			productName = Books_SwiftUIUITests;
			productReference = 063019A82CC78572004A5CF6 /* Books_SwiftUIUITests.xctest */;
			productType = "com.apple.product-type.bundle.ui-testing";
		};
/* End PBXNativeTarget section */

/* Begin PBXProject section */
		063019812CC78570004A5CF6 /* Project object */ = {
			isa = PBXProject;
			attributes = {
				BuildIndependentTargetsInParallel = 1;
				LastSwiftUpdateCheck = 1600;
				LastUpgradeCheck = 1600;
				TargetAttributes = {
					063019882CC78570004A5CF6 = {
						CreatedOnToolsVersion = 16.0;
					};
					0630199D2CC78572004A5CF6 = {
						CreatedOnToolsVersion = 16.0;
						TestTargetID = 063019882CC78570004A5CF6;
					};
					063019A72CC78572004A5CF6 = {
						CreatedOnToolsVersion = 16.0;
						TestTargetID = 063019882CC78570004A5CF6;
					};
				};
			};
			buildConfigurationList = 063019842CC78570004A5CF6 /* Build configuration list for PBXProject "Books_SwiftUI" */;
			developmentRegion = en;
			hasScannedForEncodings = 0;
			knownRegions = (
				en,
				Base,
			);
			mainGroup = 063019802CC78570004A5CF6;
			minimizedProjectReferenceProxies = 1;
			packageReferences = (
				069B71E22CC94445008282B8 /* XCRemoteSwiftPackageReference "Kingfisher" */,
			);
			preferredProjectObjectVersion = 77;
			productRefGroup = 0630198A2CC78570004A5CF6 /* Products */;
			projectDirPath = "";
			projectRoot = "";
			targets = (
				063019882CC78570004A5CF6 /* Books_SwiftUI */,
				0630199D2CC78572004A5CF6 /* Books_SwiftUITests */,
				063019A72CC78572004A5CF6 /* Books_SwiftUIUITests */,
			);
		};
/* End PBXProject section */

/* Begin PBXResourcesBuildPhase section */
		063019872CC78570004A5CF6 /* Resources */ = {
			isa = PBXResourcesBuildPhase;
			buildActionMask = 2147483647;
			files = (
			);
			runOnlyForDeploymentPostprocessing = 0;
		};
		0630199C2CC78572004A5CF6 /* Resources */ = {
			isa = PBXResourcesBuildPhase;
			buildActionMask = 2147483647;
			files = (
			);
			runOnlyForDeploymentPostprocessing = 0;
		};
		063019A62CC78572004A5CF6 /* Resources */ = {
			isa = PBXResourcesBuildPhase;
			buildActionMask = 2147483647;
			files = (
			);
			runOnlyForDeploymentPostprocessing = 0;
		};
/* End PBXResourcesBuildPhase section */

/* Begin PBXSourcesBuildPhase section */
		063019852CC78570004A5CF6 /* Sources */ = {
			isa = PBXSourcesBuildPhase;
			buildActionMask = 2147483647;
			files = (
			);
			runOnlyForDeploymentPostprocessing = 0;
		};
		0630199A2CC78572004A5CF6 /* Sources */ = {
			isa = PBXSourcesBuildPhase;
			buildActionMask = 2147483647;
			files = (
			);
			runOnlyForDeploymentPostprocessing = 0;
		};
		063019A42CC78572004A5CF6 /* Sources */ = {
			isa = PBXSourcesBuildPhase;
			buildActionMask = 2147483647;
			files = (
			);
			runOnlyForDeploymentPostprocessing = 0;
		};
/* End PBXSourcesBuildPhase section */

/* Begin PBXTargetDependency section */
		063019A02CC78572004A5CF6 /* PBXTargetDependency */ = {
			isa = PBXTargetDependency;
			target = 063019882CC78570004A5CF6 /* Books_SwiftUI */;
			targetProxy = 0630199F2CC78572004A5CF6 /* PBXContainerItemProxy */;
		};
		063019AA2CC78572004A5CF6 /* PBXTargetDependency */ = {
			isa = PBXTargetDependency;
			target = 063019882CC78570004A5CF6 /* Books_SwiftUI */;
			targetProxy = 063019A92CC78572004A5CF6 /* PBXContainerItemProxy */;
		};
/* End PBXTargetDependency section */

/* Begin XCBuildConfiguration section */
		063019B02CC78572004A5CF6 /* Debug */ = {
			isa = XCBuildConfiguration;
			buildSettings = {
				ALWAYS_SEARCH_USER_PATHS = NO;
				ASSETCATALOG_COMPILER_GENERATE_SWIFT_ASSET_SYMBOL_EXTENSIONS = YES;
				CLANG_ANALYZER_NONNULL = YES;
				CLANG_ANALYZER_NUMBER_OBJECT_CONVERSION = YES_AGGRESSIVE;
				CLANG_CXX_LANGUAGE_STANDARD = "gnu++20";
				CLANG_ENABLE_MODULES = YES;
				CLANG_ENABLE_OBJC_ARC = YES;
				CLANG_ENABLE_OBJC_WEAK = YES;
				CLANG_WARN_BLOCK_CAPTURE_AUTORELEASING = YES;
				CLANG_WARN_BOOL_CONVERSION = YES;
				CLANG_WARN_COMMA = YES;
				CLANG_WARN_CONSTANT_CONVERSION = YES;
				CLANG_WARN_DEPRECATED_OBJC_IMPLEMENTATIONS = YES;
				CLANG_WARN_DIRECT_OBJC_ISA_USAGE = YES_ERROR;
				CLANG_WARN_DOCUMENTATION_COMMENTS = YES;
				CLANG_WARN_EMPTY_BODY = YES;
				CLANG_WARN_ENUM_CONVERSION = YES;
				CLANG_WARN_INFINITE_RECURSION = YES;
				CLANG_WARN_INT_CONVERSION = YES;
				CLANG_WARN_NON_LITERAL_NULL_CONVERSION = YES;
				CLANG_WARN_OBJC_IMPLICIT_RETAIN_SELF = YES;
				CLANG_WARN_OBJC_LITERAL_CONVERSION = YES;
				CLANG_WARN_OBJC_ROOT_CLASS = YES_ERROR;
				CLANG_WARN_QUOTED_INCLUDE_IN_FRAMEWORK_HEADER = YES;
				CLANG_WARN_RANGE_LOOP_ANALYSIS = YES;
				CLANG_WARN_STRICT_PROTOTYPES = YES;
				CLANG_WARN_SUSPICIOUS_MOVE = YES;
				CLANG_WARN_UNGUARDED_AVAILABILITY = YES_AGGRESSIVE;
				CLANG_WARN_UNREACHABLE_CODE = YES;
				CLANG_WARN__DUPLICATE_METHOD_MATCH = YES;
				COPY_PHASE_STRIP = NO;
				DEBUG_INFORMATION_FORMAT = dwarf;
				ENABLE_STRICT_OBJC_MSGSEND = YES;
				ENABLE_TESTABILITY = YES;
				ENABLE_USER_SCRIPT_SANDBOXING = YES;
				GCC_C_LANGUAGE_STANDARD = gnu17;
				GCC_DYNAMIC_NO_PIC = NO;
				GCC_NO_COMMON_BLOCKS = YES;
				GCC_OPTIMIZATION_LEVEL = 0;
				GCC_PREPROCESSOR_DEFINITIONS = (
					"DEBUG=1",
					"$(inherited)",
				);
				GCC_WARN_64_TO_32_BIT_CONVERSION = YES;
				GCC_WARN_ABOUT_RETURN_TYPE = YES_ERROR;
				GCC_WARN_UNDECLARED_SELECTOR = YES;
				GCC_WARN_UNINITIALIZED_AUTOS = YES_AGGRESSIVE;
				GCC_WARN_UNUSED_FUNCTION = YES;
				GCC_WARN_UNUSED_VARIABLE = YES;
				IPHONEOS_DEPLOYMENT_TARGET = 18.0;
				LOCALIZATION_PREFERS_STRING_CATALOGS = YES;
				MTL_ENABLE_DEBUG_INFO = INCLUDE_SOURCE;
				MTL_FAST_MATH = YES;
				ONLY_ACTIVE_ARCH = YES;
				SDKROOT = iphoneos;
				SWIFT_ACTIVE_COMPILATION_CONDITIONS = "DEBUG $(inherited)";
				SWIFT_OPTIMIZATION_LEVEL = "-Onone";
			};
			name = Debug;
		};
		063019B12CC78572004A5CF6 /* Release */ = {
			isa = XCBuildConfiguration;
			buildSettings = {
				ALWAYS_SEARCH_USER_PATHS = NO;
				ASSETCATALOG_COMPILER_GENERATE_SWIFT_ASSET_SYMBOL_EXTENSIONS = YES;
				CLANG_ANALYZER_NONNULL = YES;
				CLANG_ANALYZER_NUMBER_OBJECT_CONVERSION = YES_AGGRESSIVE;
				CLANG_CXX_LANGUAGE_STANDARD = "gnu++20";
				CLANG_ENABLE_MODULES = YES;
				CLANG_ENABLE_OBJC_ARC = YES;
				CLANG_ENABLE_OBJC_WEAK = YES;
				CLANG_WARN_BLOCK_CAPTURE_AUTORELEASING = YES;
				CLANG_WARN_BOOL_CONVERSION = YES;
				CLANG_WARN_COMMA = YES;
				CLANG_WARN_CONSTANT_CONVERSION = YES;
				CLANG_WARN_DEPRECATED_OBJC_IMPLEMENTATIONS = YES;
				CLANG_WARN_DIRECT_OBJC_ISA_USAGE = YES_ERROR;
				CLANG_WARN_DOCUMENTATION_COMMENTS = YES;
				CLANG_WARN_EMPTY_BODY = YES;
				CLANG_WARN_ENUM_CONVERSION = YES;
				CLANG_WARN_INFINITE_RECURSION = YES;
				CLANG_WARN_INT_CONVERSION = YES;
				CLANG_WARN_NON_LITERAL_NULL_CONVERSION = YES;
				CLANG_WARN_OBJC_IMPLICIT_RETAIN_SELF = YES;
				CLANG_WARN_OBJC_LITERAL_CONVERSION = YES;
				CLANG_WARN_OBJC_ROOT_CLASS = YES_ERROR;
				CLANG_WARN_QUOTED_INCLUDE_IN_FRAMEWORK_HEADER = YES;
				CLANG_WARN_RANGE_LOOP_ANALYSIS = YES;
				CLANG_WARN_STRICT_PROTOTYPES = YES;
				CLANG_WARN_SUSPICIOUS_MOVE = YES;
				CLANG_WARN_UNGUARDED_AVAILABILITY = YES_AGGRESSIVE;
				CLANG_WARN_UNREACHABLE_CODE = YES;
				CLANG_WARN__DUPLICATE_METHOD_MATCH = YES;
				COPY_PHASE_STRIP = NO;
				DEBUG_INFORMATION_FORMAT = "dwarf-with-dsym";
				ENABLE_NS_ASSERTIONS = NO;
				ENABLE_STRICT_OBJC_MSGSEND = YES;
				ENABLE_USER_SCRIPT_SANDBOXING = YES;
				GCC_C_LANGUAGE_STANDARD = gnu17;
				GCC_NO_COMMON_BLOCKS = YES;
				GCC_WARN_64_TO_32_BIT_CONVERSION = YES;
				GCC_WARN_ABOUT_RETURN_TYPE = YES_ERROR;
				GCC_WARN_UNDECLARED_SELECTOR = YES;
				GCC_WARN_UNINITIALIZED_AUTOS = YES_AGGRESSIVE;
				GCC_WARN_UNUSED_FUNCTION = YES;
				GCC_WARN_UNUSED_VARIABLE = YES;
				IPHONEOS_DEPLOYMENT_TARGET = 18.0;
				LOCALIZATION_PREFERS_STRING_CATALOGS = YES;
				MTL_ENABLE_DEBUG_INFO = NO;
				MTL_FAST_MATH = YES;
				SDKROOT = iphoneos;
				SWIFT_COMPILATION_MODE = wholemodule;
				VALIDATE_PRODUCT = YES;
			};
			name = Release;
		};
		063019B32CC78572004A5CF6 /* Debug */ = {
			isa = XCBuildConfiguration;
			buildSettings = {
				ASSETCATALOG_COMPILER_APPICON_NAME = AppIcon;
				ASSETCATALOG_COMPILER_GLOBAL_ACCENT_COLOR_NAME = AccentColor;
				CODE_SIGN_STYLE = Automatic;
				CURRENT_PROJECT_VERSION = 1;
				DEVELOPMENT_ASSET_PATHS = "\"Books_SwiftUI/Preview Content\"";
				DEVELOPMENT_TEAM = 4K3HJN7A8X;
				ENABLE_PREVIEWS = YES;
				GENERATE_INFOPLIST_FILE = YES;
				INFOPLIST_KEY_UIApplicationSceneManifest_Generation = YES;
				INFOPLIST_KEY_UIApplicationSupportsIndirectInputEvents = YES;
				INFOPLIST_KEY_UILaunchScreen_Generation = YES;
				INFOPLIST_KEY_UISupportedInterfaceOrientations_iPad = "UIInterfaceOrientationPortrait UIInterfaceOrientationPortraitUpsideDown UIInterfaceOrientationLandscapeLeft UIInterfaceOrientationLandscapeRight";
				INFOPLIST_KEY_UISupportedInterfaceOrientations_iPhone = "UIInterfaceOrientationPortrait UIInterfaceOrientationLandscapeLeft UIInterfaceOrientationLandscapeRight";
				LD_RUNPATH_SEARCH_PATHS = (
					"$(inherited)",
					"@executable_path/Frameworks",
				);
				MARKETING_VERSION = 1.0;
				PRODUCT_BUNDLE_IDENTIFIER = "olegTen.dev.Books-SwiftUI";
				PRODUCT_NAME = "$(TARGET_NAME)";
				SWIFT_EMIT_LOC_STRINGS = YES;
				SWIFT_VERSION = 5.0;
				TARGETED_DEVICE_FAMILY = "1,2";
			};
			name = Debug;
		};
		063019B42CC78572004A5CF6 /* Release */ = {
			isa = XCBuildConfiguration;
			buildSettings = {
				ASSETCATALOG_COMPILER_APPICON_NAME = AppIcon;
				ASSETCATALOG_COMPILER_GLOBAL_ACCENT_COLOR_NAME = AccentColor;
				CODE_SIGN_STYLE = Automatic;
				CURRENT_PROJECT_VERSION = 1;
				DEVELOPMENT_ASSET_PATHS = "\"Books_SwiftUI/Preview Content\"";
				DEVELOPMENT_TEAM = 4K3HJN7A8X;
				ENABLE_PREVIEWS = YES;
				GENERATE_INFOPLIST_FILE = YES;
				INFOPLIST_KEY_UIApplicationSceneManifest_Generation = YES;
				INFOPLIST_KEY_UIApplicationSupportsIndirectInputEvents = YES;
				INFOPLIST_KEY_UILaunchScreen_Generation = YES;
				INFOPLIST_KEY_UISupportedInterfaceOrientations_iPad = "UIInterfaceOrientationPortrait UIInterfaceOrientationPortraitUpsideDown UIInterfaceOrientationLandscapeLeft UIInterfaceOrientationLandscapeRight";
				INFOPLIST_KEY_UISupportedInterfaceOrientations_iPhone = "UIInterfaceOrientationPortrait UIInterfaceOrientationLandscapeLeft UIInterfaceOrientationLandscapeRight";
				LD_RUNPATH_SEARCH_PATHS = (
					"$(inherited)",
					"@executable_path/Frameworks",
				);
				MARKETING_VERSION = 1.0;
				PRODUCT_BUNDLE_IDENTIFIER = "olegTen.dev.Books-SwiftUI";
				PRODUCT_NAME = "$(TARGET_NAME)";
				SWIFT_EMIT_LOC_STRINGS = YES;
				SWIFT_VERSION = 5.0;
				TARGETED_DEVICE_FAMILY = "1,2";
			};
			name = Release;
		};
		063019B62CC78572004A5CF6 /* Debug */ = {
			isa = XCBuildConfiguration;
			buildSettings = {
				BUNDLE_LOADER = "$(TEST_HOST)";
				CODE_SIGN_STYLE = Automatic;
				CURRENT_PROJECT_VERSION = 1;
				DEVELOPMENT_TEAM = 4K3HJN7A8X;
				GENERATE_INFOPLIST_FILE = YES;
				IPHONEOS_DEPLOYMENT_TARGET = 18.0;
				MARKETING_VERSION = 1.0;
				PRODUCT_BUNDLE_IDENTIFIER = "olegTen.dev.Books-SwiftUITests";
				PRODUCT_NAME = "$(TARGET_NAME)";
				SWIFT_EMIT_LOC_STRINGS = NO;
				SWIFT_VERSION = 5.0;
				TARGETED_DEVICE_FAMILY = "1,2";
				TEST_HOST = "$(BUILT_PRODUCTS_DIR)/Books_SwiftUI.app/$(BUNDLE_EXECUTABLE_FOLDER_PATH)/Books_SwiftUI";
			};
			name = Debug;
		};
		063019B72CC78572004A5CF6 /* Release */ = {
			isa = XCBuildConfiguration;
			buildSettings = {
				BUNDLE_LOADER = "$(TEST_HOST)";
				CODE_SIGN_STYLE = Automatic;
				CURRENT_PROJECT_VERSION = 1;
				DEVELOPMENT_TEAM = 4K3HJN7A8X;
				GENERATE_INFOPLIST_FILE = YES;
				IPHONEOS_DEPLOYMENT_TARGET = 18.0;
				MARKETING_VERSION = 1.0;
				PRODUCT_BUNDLE_IDENTIFIER = "olegTen.dev.Books-SwiftUITests";
				PRODUCT_NAME = "$(TARGET_NAME)";
				SWIFT_EMIT_LOC_STRINGS = NO;
				SWIFT_VERSION = 5.0;
				TARGETED_DEVICE_FAMILY = "1,2";
				TEST_HOST = "$(BUILT_PRODUCTS_DIR)/Books_SwiftUI.app/$(BUNDLE_EXECUTABLE_FOLDER_PATH)/Books_SwiftUI";
			};
			name = Release;
		};
		063019B92CC78572004A5CF6 /* Debug */ = {
			isa = XCBuildConfiguration;
			buildSettings = {
				CODE_SIGN_STYLE = Automatic;
				CURRENT_PROJECT_VERSION = 1;
				DEVELOPMENT_TEAM = 4K3HJN7A8X;
				GENERATE_INFOPLIST_FILE = YES;
				MARKETING_VERSION = 1.0;
				PRODUCT_BUNDLE_IDENTIFIER = "olegTen.dev.Books-SwiftUIUITests";
				PRODUCT_NAME = "$(TARGET_NAME)";
				SWIFT_EMIT_LOC_STRINGS = NO;
				SWIFT_VERSION = 5.0;
				TARGETED_DEVICE_FAMILY = "1,2";
				TEST_TARGET_NAME = Books_SwiftUI;
			};
			name = Debug;
		};
		063019BA2CC78572004A5CF6 /* Release */ = {
			isa = XCBuildConfiguration;
			buildSettings = {
				CODE_SIGN_STYLE = Automatic;
				CURRENT_PROJECT_VERSION = 1;
				DEVELOPMENT_TEAM = 4K3HJN7A8X;
				GENERATE_INFOPLIST_FILE = YES;
				MARKETING_VERSION = 1.0;
				PRODUCT_BUNDLE_IDENTIFIER = "olegTen.dev.Books-SwiftUIUITests";
				PRODUCT_NAME = "$(TARGET_NAME)";
				SWIFT_EMIT_LOC_STRINGS = NO;
				SWIFT_VERSION = 5.0;
				TARGETED_DEVICE_FAMILY = "1,2";
				TEST_TARGET_NAME = Books_SwiftUI;
			};
			name = Release;
		};
/* End XCBuildConfiguration section */

/* Begin XCConfigurationList section */
		063019842CC78570004A5CF6 /* Build configuration list for PBXProject "Books_SwiftUI" */ = {
			isa = XCConfigurationList;
			buildConfigurations = (
				063019B02CC78572004A5CF6 /* Debug */,
				063019B12CC78572004A5CF6 /* Release */,
			);
			defaultConfigurationIsVisible = 0;
			defaultConfigurationName = Release;
		};
		063019B22CC78572004A5CF6 /* Build configuration list for PBXNativeTarget "Books_SwiftUI" */ = {
			isa = XCConfigurationList;
			buildConfigurations = (
				063019B32CC78572004A5CF6 /* Debug */,
				063019B42CC78572004A5CF6 /* Release */,
			);
			defaultConfigurationIsVisible = 0;
			defaultConfigurationName = Release;
		};
		063019B52CC78572004A5CF6 /* Build configuration list for PBXNativeTarget "Books_SwiftUITests" */ = {
			isa = XCConfigurationList;
			buildConfigurations = (
				063019B62CC78572004A5CF6 /* Debug */,
				063019B72CC78572004A5CF6 /* Release */,
			);
			defaultConfigurationIsVisible = 0;
			defaultConfigurationName = Release;
		};
		063019B82CC78572004A5CF6 /* Build configuration list for PBXNativeTarget "Books_SwiftUIUITests" */ = {
			isa = XCConfigurationList;
			buildConfigurations = (
				063019B92CC78572004A5CF6 /* Debug */,
				063019BA2CC78572004A5CF6 /* Release */,
			);
			defaultConfigurationIsVisible = 0;
			defaultConfigurationName = Release;
		};
/* End XCConfigurationList section */

/* Begin XCRemoteSwiftPackageReference section */
		069B71E22CC94445008282B8 /* XCRemoteSwiftPackageReference "Kingfisher" */ = {
			isa = XCRemoteSwiftPackageReference;
			repositoryURL = "https://github.com/onevcat/Kingfisher.git";
			requirement = {
				kind = upToNextMajorVersion;
				minimumVersion = 8.1.0;
			};
		};
/* End XCRemoteSwiftPackageReference section */

/* Begin XCSwiftPackageProductDependency section */
		069B71E32CC94455008282B8 /* Kingfisher */ = {
			isa = XCSwiftPackageProductDependency;
			package = 069B71E22CC94445008282B8 /* XCRemoteSwiftPackageReference "Kingfisher" */;
			productName = Kingfisher;
		};
/* End XCSwiftPackageProductDependency section */
	};
	rootObject = 063019812CC78570004A5CF6 /* Project object */;
}
